
Microsoft Visual Studio Solution File, Format Version 12.00
# Visual Studio 15
VisualStudioVersion = 15.0.26730.15
MinimumVisualStudioVersion = 10.0.40219.1
Project("{9092AA53-FB77-4645-B42D-1CCCA6BD08BD}") = "scrumSrv", "scrumSrv.njsproj", "{6D3BBA6D-EEAD-4034-9BF2-8957248C5845}"
EndProject
Global
	GlobalSection(SolutionConfigurationPlatforms) = preSolution
		Debug|Any CPU = Debug|Any CPU
		Release|Any CPU = Release|Any CPU
	EndGlobalSection
	GlobalSection(ProjectConfigurationPlatforms) = postSolution
		{6D3BBA6D-EEAD-4034-9BF2-8957248C5845}.Debug|Any CPU.ActiveCfg = Debug|Any CPU
		{6D3BBA6D-EEAD-4034-9BF2-8957248C5845}.Debug|Any CPU.Build.0 = Debug|Any CPU
		{6D3BBA6D-EEAD-4034-9BF2-8957248C5845}.Release|Any CPU.ActiveCfg = Release|Any CPU
		{6D3BBA6D-EEAD-4034-9BF2-8957248C5845}.Release|Any CPU.Build.0 = Release|Any CPU
	EndGlobalSection
	GlobalSection(SolutionProperties) = preSolution
		HideSolutionNode = FALSE
	EndGlobalSection
	GlobalSection(ExtensibilityGlobals) = postSolution
		SolutionGuid = {6DDDC06B-2E55-40A3-9F9F-BDD6DFCD4DC7}
	EndGlobalSection
EndGlobal
